
Microsoft Visual Studio Solution File, Format Version 12.00
# Visual Studio Version 16
VisualStudioVersion = 16.0.29613.14
MinimumVisualStudioVersion = 10.0.40219.1
Project("{888888A0-9F3D-457C-B088-3A5042F75D52}") = "magic 8 ball", "magic 8 ball\magic 8 ball.pyproj", "{53A1F776-F864-4F6F-A72B-CA94A1AB6A56}"
EndProject
Global
	GlobalSection(SolutionConfigurationPlatforms) = preSolution
		Debug|Any CPU = Debug|Any CPU
		Release|Any CPU = Release|Any CPU
	EndGlobalSection
	GlobalSection(ProjectConfigurationPlatforms) = postSolution
		{53A1F776-F864-4F6F-A72B-CA94A1AB6A56}.Debug|Any CPU.ActiveCfg = Debug|Any CPU
		{53A1F776-F864-4F6F-A72B-CA94A1AB6A56}.Release|Any CPU.ActiveCfg = Release|Any CPU
	EndGlobalSection
	GlobalSection(SolutionProperties) = preSolution
		HideSolutionNode = FALSE
	EndGlobalSection
	GlobalSection(ExtensibilityGlobals) = postSolution
		SolutionGuid = {F6B03D7A-44A1-4E53-BEE1-6D9F3569D001}
	EndGlobalSection
EndGlobal
